// !$*UTF8*$!
{
	archiveVersion = 1;
	classes = {
	};
	objectVersion = 50;
	objects = {

/* Begin PBXBuildFile section */
		250D0968212207CB004CF936 /* AppDelegate.m in Sources */ = {isa = PBXBuildFile; fileRef = 250D0967212207CB004CF936 /* AppDelegate.m */; };
		250D096B212207CB004CF936 /* ViewController.m in Sources */ = {isa = PBXBuildFile; fileRef = 250D096A212207CB004CF936 /* ViewController.m */; };
		250D096E212207CB004CF936 /* Main.storyboard in Resources */ = {isa = PBXBuildFile; fileRef = 250D096C212207CB004CF936 /* Main.storyboard */; };
		250D0970212207CC004CF936 /* Assets.xcassets in Resources */ = {isa = PBXBuildFile; fileRef = 250D096F212207CC004CF936 /* Assets.xcassets */; };
		250D0973212207CC004CF936 /* LaunchScreen.storyboard in Resources */ = {isa = PBXBuildFile; fileRef = 250D0971212207CC004CF936 /* LaunchScreen.storyboard */; };
		250D0976212207CC004CF936 /* main.m in Sources */ = {isa = PBXBuildFile; fileRef = 250D0975212207CC004CF936 /* main.m */; };
		250D0980212207CC004CF936 /* ScrollViewImageGalleriesTests.m in Sources */ = {isa = PBXBuildFile; fileRef = 250D097F212207CC004CF936 /* ScrollViewImageGalleriesTests.m */; };
		250D098B212207CC004CF936 /* ScrollViewImageGalleriesUITests.m in Sources */ = {isa = PBXBuildFile; fileRef = 250D098A212207CC004CF936 /* ScrollViewImageGalleriesUITests.m */; };
/* End PBXBuildFile section */

/* Begin PBXContainerItemProxy section */
		250D097C212207CC004CF936 /* PBXContainerItemProxy */ = {
			isa = PBXContainerItemProxy;
			containerPortal = 250D095B212207CB004CF936 /* Project object */;
			proxyType = 1;
			remoteGlobalIDString = 250D0962212207CB004CF936;
			remoteInfo = ScrollViewImageGalleries;
		};
		250D0987212207CC004CF936 /* PBXContainerItemProxy */ = {
			isa = PBXContainerItemProxy;
			containerPortal = 250D095B212207CB004CF936 /* Project object */;
			proxyType = 1;
			remoteGlobalIDString = 250D0962212207CB004CF936;
			remoteInfo = ScrollViewImageGalleries;
		};
/* End PBXContainerItemProxy section */

/* Begin PBXFileReference section */
		250D0963212207CB004CF936 /* ScrollViewImageGalleries.app */ = {isa = PBXFileReference; explicitFileType = wrapper.application; includeInIndex = 0; path = ScrollViewImageGalleries.app; sourceTree = BUILT_PRODUCTS_DIR; };
		250D0966212207CB004CF936 /* AppDelegate.h */ = {isa = PBXFileReference; lastKnownFileType = sourcecode.c.h; path = AppDelegate.h; sourceTree = "<group>"; };
		250D0967212207CB004CF936 /* AppDelegate.m */ = {isa = PBXFileReference; lastKnownFileType = sourcecode.c.objc; path = AppDelegate.m; sourceTree = "<group>"; };
		250D0969212207CB004CF936 /* ViewController.h */ = {isa = PBXFileReference; lastKnownFileType = sourcecode.c.h; path = ViewController.h; sourceTree = "<group>"; };
		250D096A212207CB004CF936 /* ViewController.m */ = {isa = PBXFileReference; lastKnownFileType = sourcecode.c.objc; path = ViewController.m; sourceTree = "<group>"; };
		250D096D212207CB004CF936 /* Base */ = {isa = PBXFileReference; lastKnownFileType = file.storyboard; name = Base; path = Base.lproj/Main.storyboard; sourceTree = "<group>"; };
		250D096F212207CC004CF936 /* Assets.xcassets */ = {isa = PBXFileReference; lastKnownFileType = folder.assetcatalog; path = Assets.xcassets; sourceTree = "<group>"; };
		250D0972212207CC004CF936 /* Base */ = {isa = PBXFileReference; lastKnownFileType = file.storyboard; name = Base; path = Base.lproj/LaunchScreen.storyboard; sourceTree = "<group>"; };
		250D0974212207CC004CF936 /* Info.plist */ = {isa = PBXFileReference; lastKnownFileType = text.plist.xml; path = Info.plist; sourceTree = "<group>"; };
		250D0975212207CC004CF936 /* main.m */ = {isa = PBXFileReference; lastKnownFileType = sourcecode.c.objc; path = main.m; sourceTree = "<group>"; };
		250D097B212207CC004CF936 /* ScrollViewImageGalleriesTests.xctest */ = {isa = PBXFileReference; explicitFileType = wrapper.cfbundle; includeInIndex = 0; path = ScrollViewImageGalleriesTests.xctest; sourceTree = BUILT_PRODUCTS_DIR; };
		250D097F212207CC004CF936 /* ScrollViewImageGalleriesTests.m */ = {isa = PBXFileReference; lastKnownFileType = sourcecode.c.objc; path = ScrollViewImageGalleriesTests.m; sourceTree = "<group>"; };
		250D0981212207CC004CF936 /* Info.plist */ = {isa = PBXFileReference; lastKnownFileType = text.plist.xml; path = Info.plist; sourceTree = "<group>"; };
		250D0986212207CC004CF936 /* ScrollViewImageGalleriesUITests.xctest */ = {isa = PBXFileReference; explicitFileType = wrapper.cfbundle; includeInIndex = 0; path = ScrollViewImageGalleriesUITests.xctest; sourceTree = BUILT_PRODUCTS_DIR; };
		250D098A212207CC004CF936 /* ScrollViewImageGalleriesUITests.m */ = {isa = PBXFileReference; lastKnownFileType = sourcecode.c.objc; path = ScrollViewImageGalleriesUITests.m; sourceTree = "<group>"; };
		250D098C212207CC004CF936 /* Info.plist */ = {isa = PBXFileReference; lastKnownFileType = text.plist.xml; path = Info.plist; sourceTree = "<group>"; };
/* End PBXFileReference section */

/* Begin PBXFrameworksBuildPhase section */
		250D0960212207CB004CF936 /* Frameworks */ = {
			isa = PBXFrameworksBuildPhase;
			buildActionMask = 2147483647;
			files = (
			);
			runOnlyForDeploymentPostprocessing = 0;
		};
		250D0978212207CC004CF936 /* Frameworks */ = {
			isa = PBXFrameworksBuildPhase;
			buildActionMask = 2147483647;
			files = (
			);
			runOnlyForDeploymentPostprocessing = 0;
		};
		250D0983212207CC004CF936 /* Frameworks */ = {
			isa = PBXFrameworksBuildPhase;
			buildActionMask = 2147483647;
			files = (
			);
			runOnlyForDeploymentPostprocessing = 0;
		};
/* End PBXFrameworksBuildPhase section */

/* Begin PBXGroup section */
		250D095A212207CB004CF936 = {
			isa = PBXGroup;
			children = (
				250D0965212207CB004CF936 /* ScrollViewImageGalleries */,
				250D097E212207CC004CF936 /* ScrollViewImageGalleriesTests */,
				250D0989212207CC004CF936 /* ScrollViewImageGalleriesUITests */,
				250D0964212207CB004CF936 /* Products */,
			);
			sourceTree = "<group>";
		};
		250D0964212207CB004CF936 /* Products */ = {
			isa = PBXGroup;
			children = (
				250D0963212207CB004CF936 /* ScrollViewImageGalleries.app */,
				250D097B212207CC004CF936 /* ScrollViewImageGalleriesTests.xctest */,
				250D0986212207CC004CF936 /* ScrollViewImageGalleriesUITests.xctest */,
			);
			name = Products;
			sourceTree = "<group>";
		};
		250D0965212207CB004CF936 /* ScrollViewImageGalleries */ = {
			isa = PBXGroup;
			children = (
				250D0966212207CB004CF936 /* AppDelegate.h */,
				250D0967212207CB004CF936 /* AppDelegate.m */,
				250D0969212207CB004CF936 /* ViewController.h */,
				250D096A212207CB004CF936 /* ViewController.m */,
				250D096C212207CB004CF936 /* Main.storyboard */,
				250D096F212207CC004CF936 /* Assets.xcassets */,
				250D0971212207CC004CF936 /* LaunchScreen.storyboard */,
				250D0974212207CC004CF936 /* Info.plist */,
				250D0975212207CC004CF936 /* main.m */,
			);
			path = ScrollViewImageGalleries;
			sourceTree = "<group>";
		};
		250D097E212207CC004CF936 /* ScrollViewImageGalleriesTests */ = {
			isa = PBXGroup;
			children = (
				250D097F212207CC004CF936 /* ScrollViewImageGalleriesTests.m */,
				250D0981212207CC004CF936 /* Info.plist */,
			);
			path = ScrollViewImageGalleriesTests;
			sourceTree = "<group>";
		};
		250D0989212207CC004CF936 /* ScrollViewImageGalleriesUITests */ = {
			isa = PBXGroup;
			children = (
				250D098A212207CC004CF936 /* ScrollViewImageGalleriesUITests.m */,
				250D098C212207CC004CF936 /* Info.plist */,
			);
			path = ScrollViewImageGalleriesUITests;
			sourceTree = "<group>";
		};
/* End PBXGroup section */

/* Begin PBXNativeTarget section */
		250D0962212207CB004CF936 /* ScrollViewImageGalleries */ = {
			isa = PBXNativeTarget;
			buildConfigurationList = 250D098F212207CC004CF936 /* Build configuration list for PBXNativeTarget "ScrollViewImageGalleries" */;
			buildPhases = (
				250D095F212207CB004CF936 /* Sources */,
				250D0960212207CB004CF936 /* Frameworks */,
				250D0961212207CB004CF936 /* Resources */,
			);
			buildRules = (
			);
			dependencies = (
			);
			name = ScrollViewImageGalleries;
			productName = ScrollViewImageGalleries;
			productReference = 250D0963212207CB004CF936 /* ScrollViewImageGalleries.app */;
			productType = "com.apple.product-type.application";
		};
		250D097A212207CC004CF936 /* ScrollViewImageGalleriesTests */ = {
			isa = PBXNativeTarget;
			buildConfigurationList = 250D0992212207CC004CF936 /* Build configuration list for PBXNativeTarget "ScrollViewImageGalleriesTests" */;
			buildPhases = (
				250D0977212207CC004CF936 /* Sources */,
				250D0978212207CC004CF936 /* Frameworks */,
				250D0979212207CC004CF936 /* Resources */,
			);
			buildRules = (
			);
			dependencies = (
				250D097D212207CC004CF936 /* PBXTargetDependency */,
			);
			name = ScrollViewImageGalleriesTests;
			productName = ScrollViewImageGalleriesTests;
			productReference = 250D097B212207CC004CF936 /* ScrollViewImageGalleriesTests.xctest */;
			productType = "com.apple.product-type.bundle.unit-test";
		};
		250D0985212207CC004CF936 /* ScrollViewImageGalleriesUITests */ = {
			isa = PBXNativeTarget;
			buildConfigurationList = 250D0995212207CC004CF936 /* Build configuration list for PBXNativeTarget "ScrollViewImageGalleriesUITests" */;
			buildPhases = (
				250D0982212207CC004CF936 /* Sources */,
				250D0983212207CC004CF936 /* Frameworks */,
				250D0984212207CC004CF936 /* Resources */,
			);
			buildRules = (
			);
			dependencies = (
				250D0988212207CC004CF936 /* PBXTargetDependency */,
			);
			name = ScrollViewImageGalleriesUITests;
			productName = ScrollViewImageGalleriesUITests;
			productReference = 250D0986212207CC004CF936 /* ScrollViewImageGalleriesUITests.xctest */;
			productType = "com.apple.product-type.bundle.ui-testing";
		};
/* End PBXNativeTarget section */

/* Begin PBXProject section */
		250D095B212207CB004CF936 /* Project object */ = {
			isa = PBXProject;
			attributes = {
				LastUpgradeCheck = 0940;
				ORGANIZATIONNAME = "Kyla ";
				TargetAttributes = {
					250D0962212207CB004CF936 = {
						CreatedOnToolsVersion = 9.4.1;
					};
					250D097A212207CC004CF936 = {
						CreatedOnToolsVersion = 9.4.1;
						TestTargetID = 250D0962212207CB004CF936;
					};
					250D0985212207CC004CF936 = {
						CreatedOnToolsVersion = 9.4.1;
						TestTargetID = 250D0962212207CB004CF936;
					};
				};
			};
			buildConfigurationList = 250D095E212207CB004CF936 /* Build configuration list for PBXProject "ScrollViewImageGalleries" */;
			compatibilityVersion = "Xcode 9.3";
			developmentRegion = en;
			hasScannedForEncodings = 0;
			knownRegions = (
				en,
				Base,
			);
			mainGroup = 250D095A212207CB004CF936;
			productRefGroup = 250D0964212207CB004CF936 /* Products */;
			projectDirPath = "";
			projectRoot = "";
			targets = (
				250D0962212207CB004CF936 /* ScrollViewImageGalleries */,
				250D097A212207CC004CF936 /* ScrollViewImageGalleriesTests */,
				250D0985212207CC004CF936 /* ScrollViewImageGalleriesUITests */,
			);
		};
/* End PBXProject section */

/* Begin PBXResourcesBuildPhase section */
		250D0961212207CB004CF936 /* Resources */ = {
			isa = PBXResourcesBuildPhase;
			buildActionMask = 2147483647;
			files = (
				250D0973212207CC004CF936 /* LaunchScreen.storyboard in Resources */,
				250D0970212207CC004CF936 /* Assets.xcassets in Resources */,
				250D096E212207CB004CF936 /* Main.storyboard in Resources */,
			);
			runOnlyForDeploymentPostprocessing = 0;
		};
		250D0979212207CC004CF936 /* Resources */ = {
			isa = PBXResourcesBuildPhase;
			buildActionMask = 2147483647;
			files = (
			);
			runOnlyForDeploymentPostprocessing = 0;
		};
		250D0984212207CC004CF936 /* Resources */ = {
			isa = PBXResourcesBuildPhase;
			buildActionMask = 2147483647;
			files = (
			);
			runOnlyForDeploymentPostprocessing = 0;
		};
/* End PBXResourcesBuildPhase section */

/* Begin PBXSourcesBuildPhase section */
		250D095F212207CB004CF936 /* Sources */ = {
			isa = PBXSourcesBuildPhase;
			buildActionMask = 2147483647;
			files = (
				250D096B212207CB004CF936 /* ViewController.m in Sources */,
				250D0976212207CC004CF936 /* main.m in Sources */,
				250D0968212207CB004CF936 /* AppDelegate.m in Sources */,
			);
			runOnlyForDeploymentPostprocessing = 0;
		};
		250D0977212207CC004CF936 /* Sources */ = {
			isa = PBXSourcesBuildPhase;
			buildActionMask = 2147483647;
			files = (
				250D0980212207CC004CF936 /* ScrollViewImageGalleriesTests.m in Sources */,
			);
			runOnlyForDeploymentPostprocessing = 0;
		};
		250D0982212207CC004CF936 /* Sources */ = {
			isa = PBXSourcesBuildPhase;
			buildActionMask = 2147483647;
			files = (
				250D098B212207CC004CF936 /* ScrollViewImageGalleriesUITests.m in Sources */,
			);
			runOnlyForDeploymentPostprocessing = 0;
		};
/* End PBXSourcesBuildPhase section */

/* Begin PBXTargetDependency section */
		250D097D212207CC004CF936 /* PBXTargetDependency */ = {
			isa = PBXTargetDependency;
			target = 250D0962212207CB004CF936 /* ScrollViewImageGalleries */;
			targetProxy = 250D097C212207CC004CF936 /* PBXContainerItemProxy */;
		};
		250D0988212207CC004CF936 /* PBXTargetDependency */ = {
			isa = PBXTargetDependency;
			target = 250D0962212207CB004CF936 /* ScrollViewImageGalleries */;
			targetProxy = 250D0987212207CC004CF936 /* PBXContainerItemProxy */;
		};
/* End PBXTargetDependency section */

/* Begin PBXVariantGroup section */
		250D096C212207CB004CF936 /* Main.storyboard */ = {
			isa = PBXVariantGroup;
			children = (
				250D096D212207CB004CF936 /* Base */,
			);
			name = Main.storyboard;
			sourceTree = "<group>";
		};
		250D0971212207CC004CF936 /* LaunchScreen.storyboard */ = {
			isa = PBXVariantGroup;
			children = (
				250D0972212207CC004CF936 /* Base */,
			);
			name = LaunchScreen.storyboard;
			sourceTree = "<group>";
		};
/* End PBXVariantGroup section */

/* Begin XCBuildConfiguration section */
		250D098D212207CC004CF936 /* Debug */ = {
			isa = XCBuildConfiguration;
			buildSettings = {
				ALWAYS_SEARCH_USER_PATHS = NO;
				CLANG_ANALYZER_NONNULL = YES;
				CLANG_ANALYZER_NUMBER_OBJECT_CONVERSION = YES_AGGRESSIVE;
				CLANG_CXX_LANGUAGE_STANDARD = "gnu++14";
				CLANG_CXX_LIBRARY = "libc++";
				CLANG_ENABLE_MODULES = YES;
				CLANG_ENABLE_OBJC_ARC = YES;
				CLANG_ENABLE_OBJC_WEAK = YES;
				CLANG_WARN_BLOCK_CAPTURE_AUTORELEASING = YES;
				CLANG_WARN_BOOL_CONVERSION = YES;
				CLANG_WARN_COMMA = YES;
				CLANG_WARN_CONSTANT_CONVERSION = YES;
				CLANG_WARN_DEPRECATED_OBJC_IMPLEMENTATIONS = YES;
				CLANG_WARN_DIRECT_OBJC_ISA_USAGE = YES_ERROR;
				CLANG_WARN_DOCUMENTATION_COMMENTS = YES;
				CLANG_WARN_EMPTY_BODY = YES;
				CLANG_WARN_ENUM_CONVERSION = YES;
				CLANG_WARN_INFINITE_RECURSION = YES;
				CLANG_WARN_INT_CONVERSION = YES;
				CLANG_WARN_NON_LITERAL_NULL_CONVERSION = YES;
				CLANG_WARN_OBJC_IMPLICIT_RETAIN_SELF = YES;
				CLANG_WARN_OBJC_LITERAL_CONVERSION = YES;
				CLANG_WARN_OBJC_ROOT_CLASS = YES_ERROR;
				CLANG_WARN_RANGE_LOOP_ANALYSIS = YES;
				CLANG_WARN_STRICT_PROTOTYPES = YES;
				CLANG_WARN_SUSPICIOUS_MOVE = YES;
				CLANG_WARN_UNGUARDED_AVAILABILITY = YES_AGGRESSIVE;
				CLANG_WARN_UNREACHABLE_CODE = YES;
				CLANG_WARN__DUPLICATE_METHOD_MATCH = YES;
				CODE_SIGN_IDENTITY = "iPhone Developer";
				COPY_PHASE_STRIP = NO;
				DEBUG_INFORMATION_FORMAT = dwarf;
				ENABLE_STRICT_OBJC_MSGSEND = YES;
				ENABLE_TESTABILITY = YES;
				GCC_C_LANGUAGE_STANDARD = gnu11;
				GCC_DYNAMIC_NO_PIC = NO;
				GCC_NO_COMMON_BLOCKS = YES;
				GCC_OPTIMIZATION_LEVEL = 0;
				GCC_PREPROCESSOR_DEFINITIONS = (
					"DEBUG=1",
					"$(inherited)",
				);
				GCC_WARN_64_TO_32_BIT_CONVERSION = YES;
				GCC_WARN_ABOUT_RETURN_TYPE = YES_ERROR;
				GCC_WARN_UNDECLARED_SELECTOR = YES;
				GCC_WARN_UNINITIALIZED_AUTOS = YES_AGGRESSIVE;
				GCC_WARN_UNUSED_FUNCTION = YES;
				GCC_WARN_UNUSED_VARIABLE = YES;
				IPHONEOS_DEPLOYMENT_TARGET = 11.4;
				MTL_ENABLE_DEBUG_INFO = YES;
				ONLY_ACTIVE_ARCH = YES;
				SDKROOT = iphoneos;
			};
			name = Debug;
		};
		250D098E212207CC004CF936 /* Release */ = {
			isa = XCBuildConfiguration;
			buildSettings = {
				ALWAYS_SEARCH_USER_PATHS = NO;
				CLANG_ANALYZER_NONNULL = YES;
				CLANG_ANALYZER_NUMBER_OBJECT_CONVERSION = YES_AGGRESSIVE;
				CLANG_CXX_LANGUAGE_STANDARD = "gnu++14";
				CLANG_CXX_LIBRARY = "libc++";
				CLANG_ENABLE_MODULES = YES;
				CLANG_ENABLE_OBJC_ARC = YES;
				CLANG_ENABLE_OBJC_WEAK = YES;
				CLANG_WARN_BLOCK_CAPTURE_AUTORELEASING = YES;
				CLANG_WARN_BOOL_CONVERSION = YES;
				CLANG_WARN_COMMA = YES;
				CLANG_WARN_CONSTANT_CONVERSION = YES;
				CLANG_WARN_DEPRECATED_OBJC_IMPLEMENTATIONS = YES;
				CLANG_WARN_DIRECT_OBJC_ISA_USAGE = YES_ERROR;
				CLANG_WARN_DOCUMENTATION_COMMENTS = YES;
				CLANG_WARN_EMPTY_BODY = YES;
				CLANG_WARN_ENUM_CONVERSION = YES;
				CLANG_WARN_INFINITE_RECURSION = YES;
				CLANG_WARN_INT_CONVERSION = YES;
				CLANG_WARN_NON_LITERAL_NULL_CONVERSION = YES;
				CLANG_WARN_OBJC_IMPLICIT_RETAIN_SELF = YES;
				CLANG_WARN_OBJC_LITERAL_CONVERSION = YES;
				CLANG_WARN_OBJC_ROOT_CLASS = YES_ERROR;
				CLANG_WARN_RANGE_LOOP_ANALYSIS = YES;
				CLANG_WARN_STRICT_PROTOTYPES = YES;
				CLANG_WARN_SUSPICIOUS_MOVE = YES;
				CLANG_WARN_UNGUARDED_AVAILABILITY = YES_AGGRESSIVE;
				CLANG_WARN_UNREACHABLE_CODE = YES;
				CLANG_WARN__DUPLICATE_METHOD_MATCH = YES;
				CODE_SIGN_IDENTITY = "iPhone Developer";
				COPY_PHASE_STRIP = NO;
				DEBUG_INFORMATION_FORMAT = "dwarf-with-dsym";
				ENABLE_NS_ASSERTIONS = NO;
				ENABLE_STRICT_OBJC_MSGSEND = YES;
				GCC_C_LANGUAGE_STANDARD = gnu11;
				GCC_NO_COMMON_BLOCKS = YES;
				GCC_WARN_64_TO_32_BIT_CONVERSION = YES;
				GCC_WARN_ABOUT_RETURN_TYPE = YES_ERROR;
				GCC_WARN_UNDECLARED_SELECTOR = YES;
				GCC_WARN_UNINITIALIZED_AUTOS = YES_AGGRESSIVE;
				GCC_WARN_UNUSED_FUNCTION = YES;
				GCC_WARN_UNUSED_VARIABLE = YES;
				IPHONEOS_DEPLOYMENT_TARGET = 11.4;
				MTL_ENABLE_DEBUG_INFO = NO;
				SDKROOT = iphoneos;
				VALIDATE_PRODUCT = YES;
			};
			name = Release;
		};
		250D0990212207CC004CF936 /* Debug */ = {
			isa = XCBuildConfiguration;
			buildSettings = {
				ASSETCATALOG_COMPILER_APPICON_NAME = AppIcon;
				CODE_SIGN_STYLE = Automatic;
				DEVELOPMENT_TEAM = 8457254V38;
				INFOPLIST_FILE = ScrollViewImageGalleries/Info.plist;
				LD_RUNPATH_SEARCH_PATHS = (
					"$(inherited)",
					"@executable_path/Frameworks",
				);
				PRODUCT_BUNDLE_IDENTIFIER = Kyla.ScrollViewImageGalleries;
				PRODUCT_NAME = "$(TARGET_NAME)";
				TARGETED_DEVICE_FAMILY = "1,2";
			};
			name = Debug;
		};
		250D0991212207CC004CF936 /* Release */ = {
			isa = XCBuildConfiguration;
			buildSettings = {
				ASSETCATALOG_COMPILER_APPICON_NAME = AppIcon;
				CODE_SIGN_STYLE = Automatic;
				DEVELOPMENT_TEAM = 8457254V38;
				INFOPLIST_FILE = ScrollViewImageGalleries/Info.plist;
				LD_RUNPATH_SEARCH_PATHS = (
					"$(inherited)",
					"@executable_path/Frameworks",
				);
				PRODUCT_BUNDLE_IDENTIFIER = Kyla.ScrollViewImageGalleries;
				PRODUCT_NAME = "$(TARGET_NAME)";
				TARGETED_DEVICE_FAMILY = "1,2";
			};
			name = Release;
		};
		250D0993212207CC004CF936 /* Debug */ = {
			isa = XCBuildConfiguration;
			buildSettings = {
				BUNDLE_LOADER = "$(TEST_HOST)";
				CODE_SIGN_STYLE = Automatic;
				DEVELOPMENT_TEAM = 8457254V38;
				INFOPLIST_FILE = ScrollViewImageGalleriesTests/Info.plist;
				LD_RUNPATH_SEARCH_PATHS = (
					"$(inherited)",
					"@executable_path/Frameworks",
					"@loader_path/Frameworks",
				);
				PRODUCT_BUNDLE_IDENTIFIER = Kyla.ScrollViewImageGalleriesTests;
				PRODUCT_NAME = "$(TARGET_NAME)";
				TARGETED_DEVICE_FAMILY = "1,2";
				TEST_HOST = "$(BUILT_PRODUCTS_DIR)/ScrollViewImageGalleries.app/ScrollViewImageGalleries";
			};
			name = Debug;
		};
		250D0994212207CC004CF936 /* Release */ = {
			isa = XCBuildConfiguration;
			buildSettings = {
				BUNDLE_LOADER = "$(TEST_HOST)";
				CODE_SIGN_STYLE = Automatic;
				DEVELOPMENT_TEAM = 8457254V38;
				INFOPLIST_FILE = ScrollViewImageGalleriesTests/Info.plist;
				LD_RUNPATH_SEARCH_PATHS = (
					"$(inherited)",
					"@executable_path/Frameworks",
					"@loader_path/Frameworks",
				);
				PRODUCT_BUNDLE_IDENTIFIER = Kyla.ScrollViewImageGalleriesTests;
				PRODUCT_NAME = "$(TARGET_NAME)";
				TARGETED_DEVICE_FAMILY = "1,2";
				TEST_HOST = "$(BUILT_PRODUCTS_DIR)/ScrollViewImageGalleries.app/ScrollViewImageGalleries";
			};
			name = Release;
		};
		250D0996212207CC004CF936 /* Debug */ = {
			isa = XCBuildConfiguration;
			buildSettings = {
				CODE_SIGN_STYLE = Automatic;
				DEVELOPMENT_TEAM = 8457254V38;
				INFOPLIST_FILE = ScrollViewImageGalleriesUITests/Info.plist;
				LD_RUNPATH_SEARCH_PATHS = (
					"$(inherited)",
					"@executable_path/Frameworks",
					"@loader_path/Frameworks",
				);
				PRODUCT_BUNDLE_IDENTIFIER = Kyla.ScrollViewImageGalleriesUITests;
				PRODUCT_NAME = "$(TARGET_NAME)";
				TARGETED_DEVICE_FAMILY = "1,2";
				TEST_TARGET_NAME = ScrollViewImageGalleries;
			};
			name = Debug;
		};
		250D0997212207CC004CF936 /* Release */ = {
			isa = XCBuildConfiguration;
			buildSettings = {
				CODE_SIGN_STYLE = Automatic;
				DEVELOPMENT_TEAM = 8457254V38;
				INFOPLIST_FILE = ScrollViewImageGalleriesUITests/Info.plist;
				LD_RUNPATH_SEARCH_PATHS = (
					"$(inherited)",
					"@executable_path/Frameworks",
					"@loader_path/Frameworks",
				);
				PRODUCT_BUNDLE_IDENTIFIER = Kyla.ScrollViewImageGalleriesUITests;
				PRODUCT_NAME = "$(TARGET_NAME)";
				TARGETED_DEVICE_FAMILY = "1,2";
				TEST_TARGET_NAME = ScrollViewImageGalleries;
			};
			name = Release;
		};
/* End XCBuildConfiguration section */

/* Begin XCConfigurationList section */
		250D095E212207CB004CF936 /* Build configuration list for PBXProject "ScrollViewImageGalleries" */ = {
			isa = XCConfigurationList;
			buildConfigurations = (
				250D098D212207CC004CF936 /* Debug */,
				250D098E212207CC004CF936 /* Release */,
			);
			defaultConfigurationIsVisible = 0;
			defaultConfigurationName = Release;
		};
		250D098F212207CC004CF936 /* Build configuration list for PBXNativeTarget "ScrollViewImageGalleries" */ = {
			isa = XCConfigurationList;
			buildConfigurations = (
				250D0990212207CC004CF936 /* Debug */,
				250D0991212207CC004CF936 /* Release */,
			);
			defaultConfigurationIsVisible = 0;
			defaultConfigurationName = Release;
		};
		250D0992212207CC004CF936 /* Build configuration list for PBXNativeTarget "ScrollViewImageGalleriesTests" */ = {
			isa = XCConfigurationList;
			buildConfigurations = (
				250D0993212207CC004CF936 /* Debug */,
				250D0994212207CC004CF936 /* Release */,
			);
			defaultConfigurationIsVisible = 0;
			defaultConfigurationName = Release;
		};
		250D0995212207CC004CF936 /* Build configuration list for PBXNativeTarget "ScrollViewImageGalleriesUITests" */ = {
			isa = XCConfigurationList;
			buildConfigurations = (
				250D0996212207CC004CF936 /* Debug */,
				250D0997212207CC004CF936 /* Release */,
			);
			defaultConfigurationIsVisible = 0;
			defaultConfigurationName = Release;
		};
/* End XCConfigurationList section */
	};
	rootObject = 250D095B212207CB004CF936 /* Project object */;
}
